{
    "_meta": {
        "hash": {
            "sha256": "7246945c5913e64493053a8c329c77bb319ac31d5209bff04314d5fe052f37ee"
        },
        "pipfile-spec": 6,
        "requires": {
            "python_version": "3.11"
        },
        "sources": [
            {
                "name": "pypi",
                "url": "https://pypi.org/simple",
                "verify_ssl": true
            }
        ]
    },
    "default": {
        "asgiref": {
            "hashes": [
                "sha256:89b2ef2247e3b562a16eef663bc0e2e703ec6468e2fa8a5cd61cd449786d4f6e",
                "sha256:9e0ce3aa93a819ba5b45120216b23878cf6e8525eb3848653452b4192b92afed"
            ],
            "markers": "python_version >= '3.7'",
            "version": "==3.7.2"
        },
        "django": {
            "hashes": [
                "sha256:7e4225ec065e0f354ccf7349a22d209de09cc1c074832be9eb84c51c1799c432",
                "sha256:860ae6a138a238fc4f22c99b52f3ead982bb4b1aad8c0122bcd8c8a3a02e409d"
            ],
            "index": "pypi",
            "version": "==4.2.4"
        },
        "dnspython": {
            "hashes": [
                "sha256:57c6fbaaeaaf39c891292012060beb141791735dbb4004798328fc2c467402d8",
                "sha256:8dcfae8c7460a2f84b4072e26f1c9f4101ca20c071649cb7c34e8b6a93d58984"
            ],
            "index": "pypi",
            "version": "==2.4.2"
        },
        "pymongo": {
            "extras": [
                "gssapi",
                "snappy",
                "srv",
                "tls"
            ],
            "hashes": [
                "sha256:022c91e2a41eefbcddc844c534520a13c6f613666c37b9fb9ed039eff47bd2e4",
                "sha256:02dba4ea2a6f22de4b50864d3957a0110b75d3eeb40aeab0b0ff64bcb5a063e6",
                "sha256:04ec1c5451ad358fdbff28ddc6e8a3d1b5f62178d38cd08007a251bc3f59445a",
                "sha256:05935f5a4bbae0a99482147588351b7b17999f4a4e6e55abfb74367ac58c0634",
                "sha256:0a7739bcebdbeb5648edb15af00fd38f2ab5de20851a1341d229494a638284cc",
                "sha256:0bdbbcc1ef3a56347630c57eda5cd9536bdbdb82754b3108c66cbc51b5233dfb",
                "sha256:0dcc64747b628a96bcfc6405c42acae3762c85d8ae8c1ce18834b8151cad7486",
                "sha256:1897123c4bede1af0c264a3bc389a2505bae50d85e4f211288d352928c02d017",
                "sha256:1944b16ffef3573ae064196460de43eb1c865a64fed23551b5eac1951d80acca",
                "sha256:2259302d8ab51cd56c3d9d5cca325977e35a0bb3a15a297ec124d2da56c214f7",
                "sha256:262a4073d2ee0654f0314ef4d9aab1d8c13dc8dae5c102312e152c02bfa7bdb7",
                "sha256:2aab6d1cff00d68212eca75d2260980202b14038d9298fed7d5c455fe3285c7c",
                "sha256:2fe4bbf2b2c91e4690b5658b0fbb98ca6e0a8fba9ececd65b4e7d2d1df3e9b01",
                "sha256:32d6d2b7e14bb6bc052f6cba0c1cf4d47a2b49c56ea1ed0f960a02bc9afaefb2",
                "sha256:334d41649f157c56a47fb289bae3b647a867c1a74f5f3a8a371fb361580bd9d3",
                "sha256:35545583396684ea70a0b005034a469bf3f447732396e5b3d50bec94890b8d5c",
                "sha256:3681caf37edbe05f72f0d351e4a6cb5874ec7ab5eeb99df3a277dbf110093739",
                "sha256:36b0b06c6e830d190215fced82872e5fd8239771063afa206f9adc09574018a3",
                "sha256:3a350d03959f9d5b7f2ea0621f5bb2eb3927b8fc1c4031d12cfd3949839d4f66",
                "sha256:3bb935789276422d8875f051837356edfccdb886e673444d91e4941a8142bd48",
                "sha256:3f0bd25de90b804cc95e548f55f430df2b47f242a4d7bbce486db62f3b3c981f",
                "sha256:3f345380f6d6d6d1dc6db9fa5c8480c439ea79553b71a2cbe3030a1f20676595",
                "sha256:44381b817eeb47a41bbfbd279594a7fb21017e0e3e15550eb0fd3758333097f3",
                "sha256:48409bac0f6a62825c306c9a124698df920afdc396132908a8e88b466925a248",
                "sha256:4e6a70c9d437b043fb07eef1796060f476359e5b7d8e23baa49f1a70379d6543",
                "sha256:4ec9c6d4547c93cf39787c249969f7348ef6c4d36439af10d57b5ee65f3dfbf9",
                "sha256:5248fdf7244a5e976279fe154d116c73f6206e0be71074ea9d9b1e73b5893dd5",
                "sha256:5368801ca6b66aacc5cc013258f11899cd6a4c3bb28cec435dd67f835905e9d2",
                "sha256:53831effe4dc0243231a944dfbd87896e42b1cf081776930de5cc74371405e3b",
                "sha256:54d0b8b6f2548e15b09232827d9ba8e03a599c9a30534f7f2c7bae79df2d1f91",
                "sha256:55b6ebeeabe32a9d2e38eeb90f07c020cb91098b34b5fca42ff3991cb6e6e621",
                "sha256:58c492e28057838792bed67875f982ffbd3c9ceb67341cc03811859fddb8efbf",
                "sha256:5a1e5b931bf729b2eacd720a0e40201c2d5ed0e2bada60863f19b069bb5016c4",
                "sha256:5a2a1da505ea78787b0382c92dc21a45d19918014394b220c4734857e9c73694",
                "sha256:6cf08997d3ecf9a1eabe12c35aa82a5c588f53fac054ed46fe5c16a0a20ea43d",
                "sha256:7b7127bb35f10d974ec1bd5573389e99054c558b821c9f23bb8ff94e7ae6e612",
                "sha256:7e307d67641d0e2f7e7d6ee3dad880d090dace96cc1d95c99d15bd9f545a1168",
                "sha256:8082eef0d8c711c9c272906fa469965e52b44dbdb8a589b54857b1351dc2e511",
                "sha256:854d92d2437e3496742e17342496e1f3d9efb22455501fd6010aa3658138e457",
                "sha256:85b92b3828b2c923ed448f820c147ee51fa4566e35c9bf88415586eb0192ced2",
                "sha256:884a35c0740744a48f67210692841581ab83a4608d3a031e7125022989ef65f8",
                "sha256:912b0fdc16500125dc1837be8b13c99d6782d93d6cd099d0e090e2aca0b6d100",
                "sha256:91848d555155ad4594de5e575b6452adc471bc7bc4b4d2b1f4f15a78a8af7843",
                "sha256:977c34b5b0b50bd169fbca1a4dd06fbfdfd8ac47734fdc3473532c10098e16ce",
                "sha256:980da627edc1275896d7d4670596433ec66e1f452ec244e07bbb2f91c955b581",
                "sha256:98764ae13de0ab80ba824ca0b84177006dec51f48dfb7c944d8fa78ab645c67f",
                "sha256:995b868ccc9df8d36cb28142363e3911846fe9f43348d942951f60cdd7f62224",
                "sha256:9d43634594f2486cc9bb604a1dc0914234878c4faf6604574a25260cb2faaa06",
                "sha256:9d45243ff4800320c842c45e01c91037e281840e8c6ed2949ed82a70f55c0e6a",
                "sha256:a0d326c3ba989091026fbc4827638dc169abdbb0c0bbe593716921543f530af6",
                "sha256:a438508dd8007a4a724601c3790db46fe0edc3d7d172acafc5f148ceb4a07815",
                "sha256:a4df87dbbd03ac6372d24f2a8054b4dc33de497d5227b50ec649f436ad574284",
                "sha256:a5198beca36778f19a98b56f541a0529502046bc867b352dda5b6322e1ddc4fd",
                "sha256:a6750449759f0a83adc9df3a469483a8c3eef077490b76f30c03dc8f7a4b1d66",
                "sha256:a86d20210c9805a032cda14225087ec483613aff0955327c7871a3c980562c5b",
                "sha256:ae1f85223193f249320f695eec4242cdcc311357f5f5064c2e72cfd18017e8ee",
                "sha256:aed21b3142311ad139629c4e101b54f25447ec40d6f42c72ad5c1a6f4f851f3a",
                "sha256:b25d2ccdb2901655cc56c0fc978c5ddb35029c46bfd30d182d0e23fffd55b14b",
                "sha256:b4c4bcd285bf0f5272d50628e4ea3989738e3af1251b2dd7bf50da2d593f3a56",
                "sha256:bbdd6c719cc2ea440d7245ba71ecdda507275071753c6ffe9c8232647246f575",
                "sha256:c409e5888a94a3ff99783fffd9477128ffab8416e3f8b2c633993eecdcd5c267",
                "sha256:d1b1c8eb21de4cb5e296614e8b775d5ecf9c56b7d3c6000f4bfdb17f9e244e72",
                "sha256:d67f4029c57b36a0278aeae044ce382752c078c7625cef71b5e2cf3e576961f9",
                "sha256:d9a5e16a32fb1000c72a8734ddd8ae291974deb5d38d40d1bdd01dbe4024eeb0",
                "sha256:ddffc0c6d0e92cf43dc6c47639d1ef9ab3c280db2998a33dbb9953bd864841e1",
                "sha256:e0f08a2dba1469252462c414b66cb416c7f7295f2c85e50f735122a251fcb131",
                "sha256:e3b508e0de613b906267f2c484cb5e9afd3a64680e1af23386ca8f99a29c6145",
                "sha256:e426e213ab07a73f8759ab8d69e87d05d7a60b3ecbf7673965948dcf8ebc1c9f",
                "sha256:e6d5d2c97c35f83dc65ccd5d64c7ed16eba6d9403e3744e847aee648c432f0bb",
                "sha256:ebe1683ec85d8bca389183d01ecf4640c797d6f22e6dac3453a6c492920d5ec3",
                "sha256:ef0e3279e72cccc3dc7be75b12b1e54cc938d7ce13f5f22bea844b9d9d5fecd4",
                "sha256:efa67f46c1678df541e8f41247d22430905f80a3296d9c914aaa793f2c9fa1db",
                "sha256:f41feb8cf429799ac43ed34504839954aa7d907f8bd9ecb52ed5ff0d2ea84245",
                "sha256:fab52db4d3aa3b73bcf920fb375dbea63bf0df0cb4bdb38c5a0a69e16568cc21"
            ],
            "index": "pypi",
            "version": "==4.4.1"
        },
        "python-snappy": {
            "hashes": [
                "sha256:03bb511380fca2a13325b6f16fe8234c8e12da9660f0258cd45d9a02ffc916af",
                "sha256:0bdb6942180660bda7f7d01f4c0def3cfc72b1c6d99aad964801775a3e379aba",
                "sha256:0d489b50f49433494160c45048fe806de6b3aeab0586e497ebd22a0bab56e427",
                "sha256:1a993dc8aadd901915a510fe6af5f20ae4256f527040066c22a154db8946751f",
                "sha256:1d029f7051ec1bbeaa3e03030b6d8ed47ceb69cae9016f493c802a08af54e026",
                "sha256:277757d5dad4e239dc1417438a0871b65b1b155beb108888e7438c27ffc6a8cc",
                "sha256:2a7e528ab6e09c0d67dcb61a1730a292683e5ff9bb088950638d3170cf2a0a54",
                "sha256:2aaaf618c68d8c9daebc23a20436bd01b09ee70d7fbf7072b7f38b06d2fab539",
                "sha256:2be4f4550acd484912441f5f1209ba611ac399aac9355fee73611b9a0d4f949c",
                "sha256:39692bedbe0b717001a99915ac0eb2d9d0bad546440d392a2042b96d813eede1",
                "sha256:3fb9a88a4dd6336488f3de67ce75816d0d796dce53c2c6e4d70e0b565633c7fd",
                "sha256:4038019b1bcaadde726a57430718394076c5a21545ebc5badad2c045a09546cf",
                "sha256:463fd340a499d47b26ca42d2f36a639188738f6e2098c6dbf80aef0e60f461e1",
                "sha256:4d3cafdf454354a621c8ab7408e45aa4e9d5c0b943b61ff4815f71ca6bdf0130",
                "sha256:4ec533a8c1f8df797bded662ec3e494d225b37855bb63eb0d75464a07947477c",
                "sha256:530bfb9efebcc1aab8bb4ebcbd92b54477eed11f6cf499355e882970a6d3aa7d",
                "sha256:546c1a7470ecbf6239101e9aff0f709b68ca0f0268b34d9023019a55baa1f7c6",
                "sha256:5843feb914796b1f0405ccf31ea0fb51034ceb65a7588edfd5a8250cb369e3b2",
                "sha256:586724a0276d7a6083a17259d0b51622e492289a9998848a1b01b6441ca12b2f",
                "sha256:59e975be4206cc54d0a112ef72fa3970a57c2b1bcc2c97ed41d6df0ebe518228",
                "sha256:5a453c45178d7864c1bdd6bfe0ee3ed2883f63b9ba2c9bb967c6b586bf763f96",
                "sha256:5bb05c28298803a74add08ba496879242ef159c75bc86a5406fac0ffc7dd021b",
                "sha256:5e973e637112391f05581f427659c05b30b6843bc522a65be35ac7b18ce3dedd",
                "sha256:66c80e9b366012dbee262bb1869e4fc5ba8786cda85928481528bc4a72ec2ee8",
                "sha256:6a7620404da966f637b9ce8d4d3d543d363223f7a12452a575189c5355fc2d25",
                "sha256:6f8bf4708a11b47517baf962f9a02196478bbb10fdb9582add4aa1459fa82380",
                "sha256:735cd4528c55dbe4516d6d2b403331a99fc304f8feded8ae887cf97b67d589bb",
                "sha256:7778c224efc38a40d274da4eb82a04cac27aae20012372a7db3c4bbd8926c4d4",
                "sha256:8277d1f6282463c40761f802b742f833f9f2449fcdbb20a96579aa05c8feb614",
                "sha256:88b6ea78b83d2796f330b0af1b70cdd3965dbdab02d8ac293260ec2c8fe340ee",
                "sha256:8c07220408d3268e8268c9351c5c08041bc6f8c6172e59d398b71020df108541",
                "sha256:8d0c019ee7dcf2c60e240877107cddbd95a5b1081787579bf179938392d66480",
                "sha256:90b0186516b7a101c14764b0c25931b741fb0102f21253eff67847b4742dfc72",
                "sha256:9837ac1650cc68d22a3cf5f15fb62c6964747d16cecc8b22431f113d6e39555d",
                "sha256:9eac51307c6a1a38d5f86ebabc26a889fddf20cbba7a116ccb54ba1446601d5b",
                "sha256:9f0c0d88b84259f93c3aa46398680646f2c23e43394779758d9f739c34e15295",
                "sha256:a0ad38bc98d0b0497a0b0dbc29409bcabfcecff4511ed7063403c86de16927bc",
                "sha256:b265cde49774752aec9ca7f5d272e3f98718164afc85521622a8a5394158a2b5",
                "sha256:b6a107ab06206acc5359d4c5632bd9b22d448702a79b3169b0c62e0fb808bb2a",
                "sha256:b7f920eaf46ebf41bd26f9df51c160d40f9e00b7b48471c3438cb8d027f7fb9b",
                "sha256:c20498bd712b6e31a4402e1d027a1cd64f6a4a0066a3fe3c7344475886d07fdf",
                "sha256:cb18d9cd7b3f35a2f5af47bb8ed6a5bdbf4f3ddee37f3daade4ab7864c292f5b",
                "sha256:cf5bb9254e1c38aacf253d510d3d9be631bba21f3d068b17672b38b5cbf2fff5",
                "sha256:d017775851a778ec9cc32651c4464079d06d927303c2dde9ae9830ccf6fe94e1",
                "sha256:dc96668d9c7cc656609764275c5f8da58ef56d89bdd6810f6923d36497468ff7",
                "sha256:e066a0586833d610c4bbddba0be5ba0e3e4f8e0bc5bb6d82103d8f8fc47bb59a",
                "sha256:e3a013895c64352b49d0d8e107a84f99631b16dbab156ded33ebf0becf56c8b2",
                "sha256:eaf905a580f2747c4a474040a5063cd5e0cc3d1d2d6edb65f28196186493ad4a"
            ],
            "version": "==0.6.1"
        },
        "sqlparse": {
            "hashes": [
                "sha256:5430a4fe2ac7d0f93e66f1efc6e1338a41884b7ddf2a350cedd20ccc4d9d28f3",
                "sha256:d446183e84b8349fa3061f0fe7f06ca94ba65b426946ffebe6e3e8295332420c"
            ],
            "markers": "python_version >= '3.5'",
            "version": "==0.4.4"
        },
        "tzdata": {
            "hashes": [
                "sha256:11ef1e08e54acb0d4f95bdb1be05da659673de4acbd21bf9c69e94cc5e907a3a",
                "sha256:7e65763eef3120314099b6939b5546db7adce1e7d6f2e179e3df563c70511eda"
            ],
            "markers": "sys_platform == 'win32'",
            "version": "==2023.3"
        },
        "winkerberos": {
            "hashes": [
                "sha256:024657b9861f057a90f10fcc94de2ac7bf1d2d84b7f51386f68f1d77c99f58c7",
                "sha256:02ec925c2aa4fe4f7656792a76e346d8fab13e12ced2732354a21958adfe92c6",
                "sha256:044b7358cd34de6ae34c76aa48a40607e6f63835ff319516662c1c65f84f2feb",
                "sha256:167d0c58741d5624518aa94694e079831a9b1de1b99b1f901330c18c785d00f7",
                "sha256:26716c91900f19c8990d6e77026e1b1686e5bdb22ac829c87781ff80eba4603d",
                "sha256:4565476111ec30a9def8f4c31bb937e165ab9862ad11ffa700f431f0d4941030",
                "sha256:45cf5084640888ad025a6f6f9e1fb313e03d626101c1bcca6e82214d7e9c5ee3",
                "sha256:484a23369cf461fdfa6d88d8c238e7129a469f7c961f257c8f5668536d9c2df9",
                "sha256:53c5109e95b9cf0a80198ee6953d6263b0c8d254cc3815e9091cff4544ab4697",
                "sha256:59499e9682961ea784fa41b85af499b699f2ff5f3a07fde30a51ce33d509fa96",
                "sha256:60e47a551db0431a2e98b46ef9d9b59a70df0c0c450af0172747da7083573122",
                "sha256:630cb3a5789532e3adac03ab51bc2fc2288cae70d39259a6bdd409d2a3c8b936",
                "sha256:773ba1ef924de8ad9c8c1dc24bfaa40e1182f9978e46d2dcb98856c4ab069ce4",
                "sha256:9842854fa5527b72720e2911f1b6008736baacaf3df1a60bfe62a0aaf0f037ff",
                "sha256:aba3190d8c1f1bb876f398346ff7d7c2e173046a1653086dad638dc3b16cccdf",
                "sha256:bf3e4aab04673660a8731fab527c4a838cfdfa935deada6cef0df8f8e9a6cd4d",
                "sha256:fb29dd36c0d7fd66c6abefe7871aecbd1fda00cb38e972fad668a9558e531a12"
            ],
            "version": "==0.9.1"
        }
    },
    "develop": {}
}
